
Microsoft Visual Studio Solution File, Format Version 12.00
# Visual Studio Version 16
VisualStudioVersion = 16.0.32002.261
MinimumVisualStudioVersion = 10.0.40219.1
Project("{FAE04EC0-301F-11D3-BF4B-00C04F79EFBC}") = "Mission5", "Mission5\Mission5.csproj", "{CC8D2CBF-FBB2-41AC-80E8-94ED368AF672}"
EndProject
Global
	GlobalSection(SolutionConfigurationPlatforms) = preSolution
		Debug|Any CPU = Debug|Any CPU
		Release|Any CPU = Release|Any CPU
	EndGlobalSection
	GlobalSection(ProjectConfigurationPlatforms) = postSolution
		{CC8D2CBF-FBB2-41AC-80E8-94ED368AF672}.Debug|Any CPU.ActiveCfg = Debug|Any CPU
		{CC8D2CBF-FBB2-41AC-80E8-94ED368AF672}.Debug|Any CPU.Build.0 = Debug|Any CPU
		{CC8D2CBF-FBB2-41AC-80E8-94ED368AF672}.Release|Any CPU.ActiveCfg = Release|Any CPU
		{CC8D2CBF-FBB2-41AC-80E8-94ED368AF672}.Release|Any CPU.Build.0 = Release|Any CPU
	EndGlobalSection
	GlobalSection(SolutionProperties) = preSolution
		HideSolutionNode = FALSE
	EndGlobalSection
	GlobalSection(ExtensibilityGlobals) = postSolution
		SolutionGuid = {A2D0B1CE-C108-48EB-8E6E-8D9855422F0B}
	EndGlobalSection
EndGlobal
